
Microsoft Visual Studio Solution File, Format Version 12.00
# Visual Studio Version 16
VisualStudioVersion = 16.0.32413.511
MinimumVisualStudioVersion = 10.0.40219.1
Project("{FAE04EC0-301F-11D3-BF4B-00C04F79EFBC}") = "Ejercicio2DeFrancoCastro", "Ejercicio2DeFrancoCastro.csproj", "{09E8AA64-B2A1-45AF-8FFB-6E6F323BEBBA}"
EndProject
Global
	GlobalSection(SolutionConfigurationPlatforms) = preSolution
		Debug|Any CPU = Debug|Any CPU
		Release|Any CPU = Release|Any CPU
	EndGlobalSection
	GlobalSection(ProjectConfigurationPlatforms) = postSolution
		{09E8AA64-B2A1-45AF-8FFB-6E6F323BEBBA}.Debug|Any CPU.ActiveCfg = Debug|Any CPU
		{09E8AA64-B2A1-45AF-8FFB-6E6F323BEBBA}.Debug|Any CPU.Build.0 = Debug|Any CPU
		{09E8AA64-B2A1-45AF-8FFB-6E6F323BEBBA}.Release|Any CPU.ActiveCfg = Release|Any CPU
		{09E8AA64-B2A1-45AF-8FFB-6E6F323BEBBA}.Release|Any CPU.Build.0 = Release|Any CPU
	EndGlobalSection
	GlobalSection(SolutionProperties) = preSolution
		HideSolutionNode = FALSE
	EndGlobalSection
	GlobalSection(ExtensibilityGlobals) = postSolution
		SolutionGuid = {25C3A602-9293-4E31-AC12-24C0950427ED}
	EndGlobalSection
EndGlobal
